
Microsoft Visual Studio Solution File, Format Version 12.00
# Visual Studio Version 17
VisualStudioVersion = 17.6.33815.320
MinimumVisualStudioVersion = 10.0.40219.1
Project("{FAE04EC0-301F-11D3-BF4B-00C04F79EFBC}") = "MVC_BookRegistration_Project", "MVC_BookRegistration_Project\MVC_BookRegistration_Project.csproj", "{EB8A2E4D-6276-41C0-92EB-445F0A6CC23C}"
EndProject
Global
	GlobalSection(SolutionConfigurationPlatforms) = preSolution
		Debug|Any CPU = Debug|Any CPU
		Release|Any CPU = Release|Any CPU
	EndGlobalSection
	GlobalSection(ProjectConfigurationPlatforms) = postSolution
		{EB8A2E4D-6276-41C0-92EB-445F0A6CC23C}.Debug|Any CPU.ActiveCfg = Debug|Any CPU
		{EB8A2E4D-6276-41C0-92EB-445F0A6CC23C}.Debug|Any CPU.Build.0 = Debug|Any CPU
		{EB8A2E4D-6276-41C0-92EB-445F0A6CC23C}.Release|Any CPU.ActiveCfg = Release|Any CPU
		{EB8A2E4D-6276-41C0-92EB-445F0A6CC23C}.Release|Any CPU.Build.0 = Release|Any CPU
	EndGlobalSection
	GlobalSection(SolutionProperties) = preSolution
		HideSolutionNode = FALSE
	EndGlobalSection
	GlobalSection(ExtensibilityGlobals) = postSolution
		SolutionGuid = {02D41B5E-5316-4101-BE2F-A39C9D726A80}
	EndGlobalSection
EndGlobal
